
Microsoft Visual Studio Solution File, Format Version 12.00
# Visual Studio Version 17
VisualStudioVersion = 17.4.33205.214
MinimumVisualStudioVersion = 10.0.40219.1
Project("{9A19103F-16F7-4668-BE54-9A1E7A4F7556}") = "Moq.AutoMock", "Moq.AutoMock\Moq.AutoMock.csproj", "{1EEBB709-89A7-41AA-92E7-BB5488D94A66}"
EndProject
Project("{9A19103F-16F7-4668-BE54-9A1E7A4F7556}") = "Moq.AutoMocker.Test", "Moq.AutoMocker.Test\Moq.AutoMocker.Test.csproj", "{ADEC18A4-C45F-465A-953D-7C3EB578CD71}"
EndProject
Global
	GlobalSection(SolutionConfigurationPlatforms) = preSolution
		Debug|Any CPU = Debug|Any CPU
		Release|Any CPU = Release|Any CPU
	EndGlobalSection
	GlobalSection(ProjectConfigurationPlatforms) = postSolution
		{1EEBB709-89A7-41AA-92E7-BB5488D94A66}.Debug|Any CPU.ActiveCfg = Debug|Any CPU
		{1EEBB709-89A7-41AA-92E7-BB5488D94A66}.Debug|Any CPU.Build.0 = Debug|Any CPU
		{1EEBB709-89A7-41AA-92E7-BB5488D94A66}.Release|Any CPU.ActiveCfg = Release|Any CPU
		{1EEBB709-89A7-41AA-92E7-BB5488D94A66}.Release|Any CPU.Build.0 = Release|Any CPU
		{ADEC18A4-C45F-465A-953D-7C3EB578CD71}.Debug|Any CPU.ActiveCfg = Debug|Any CPU
		{ADEC18A4-C45F-465A-953D-7C3EB578CD71}.Debug|Any CPU.Build.0 = Debug|Any CPU
		{ADEC18A4-C45F-465A-953D-7C3EB578CD71}.Release|Any CPU.ActiveCfg = Release|Any CPU
		{ADEC18A4-C45F-465A-953D-7C3EB578CD71}.Release|Any CPU.Build.0 = Release|Any CPU
	EndGlobalSection
	GlobalSection(SolutionProperties) = preSolution
		HideSolutionNode = FALSE
	EndGlobalSection
	GlobalSection(ExtensibilityGlobals) = postSolution
		SolutionGuid = {52D9506F-1DC5-4D27-A3B1-25FD92F4BDC4}
	EndGlobalSection
EndGlobal
